
Microsoft Visual Studio Solution File, Format Version 12.00
# Visual Studio Version 16
VisualStudioVersion = 25.0.1706.1
MinimumVisualStudioVersion = 10.0.40219.1
Project("{FAE04EC0-301F-11D3-BF4B-00C04F79EFBC}") = "SecondBalzorApp", "SecondBalzorApp\SecondBalzorApp.csproj", "{909BD99C-58DC-4285-A357-B0521CB14988}"
EndProject
Global
	GlobalSection(SolutionConfigurationPlatforms) = preSolution
		Debug|Any CPU = Debug|Any CPU
		Release|Any CPU = Release|Any CPU
	EndGlobalSection
	GlobalSection(ProjectConfigurationPlatforms) = postSolution
		{909BD99C-58DC-4285-A357-B0521CB14988}.Debug|Any CPU.ActiveCfg = Debug|Any CPU
		{909BD99C-58DC-4285-A357-B0521CB14988}.Debug|Any CPU.Build.0 = Debug|Any CPU
		{909BD99C-58DC-4285-A357-B0521CB14988}.Release|Any CPU.ActiveCfg = Release|Any CPU
		{909BD99C-58DC-4285-A357-B0521CB14988}.Release|Any CPU.Build.0 = Release|Any CPU
	EndGlobalSection
	GlobalSection(SolutionProperties) = preSolution
		HideSolutionNode = FALSE
	EndGlobalSection
	GlobalSection(ExtensibilityGlobals) = postSolution
		SolutionGuid = {AEE0F330-4B57-422F-88C8-8FC22CF52B34}
	EndGlobalSection
EndGlobal
